// !$*UTF8*$!
{
	archiveVersion = 1;
	classes = {
	};
	objectVersion = 55;
	objects = {

/* Begin PBXBuildFile section */
		A821975BD1DDB1444A0260BB /* Pods_iosMyinsta.framework in Frameworks */ = {isa = PBXBuildFile; fileRef = 055044C3F9C937F2064AE3AC /* Pods_iosMyinsta.framework */; };
		E314987228AD17D600DB18AB /* MyPostCellView.swift in Sources */ = {isa = PBXBuildFile; fileRef = E314987128AD17D600DB18AB /* MyPostCellView.swift */; };
		E382633E28A785EE00404A8E /* HomeView.swift in Sources */ = {isa = PBXBuildFile; fileRef = E382633D28A785EE00404A8E /* HomeView.swift */; };
		E382634328A7866F00404A8E /* SessionServer.swift in Sources */ = {isa = PBXBuildFile; fileRef = E382634228A7866F00404A8E /* SessionServer.swift */; };
		E382634628A7872A00404A8E /* Users.swift in Sources */ = {isa = PBXBuildFile; fileRef = E382634528A7872A00404A8E /* Users.swift */; };
		E382634828A7D67000404A8E /* HomeFeedView.swift in Sources */ = {isa = PBXBuildFile; fileRef = E382634728A7D67000404A8E /* HomeFeedView.swift */; };
		E382634A28A7D68C00404A8E /* HomeSearchView.swift in Sources */ = {isa = PBXBuildFile; fileRef = E382634928A7D68C00404A8E /* HomeSearchView.swift */; };
		E382634C28A7D69C00404A8E /* HomeUploadView.swift in Sources */ = {isa = PBXBuildFile; fileRef = E382634B28A7D69C00404A8E /* HomeUploadView.swift */; };
		E382634E28A7D6B800404A8E /* HomeLikesView.swift in Sources */ = {isa = PBXBuildFile; fileRef = E382634D28A7D6B800404A8E /* HomeLikesView.swift */; };
		E382635028A7D6CC00404A8E /* HomeProfileView.swift in Sources */ = {isa = PBXBuildFile; fileRef = E382634F28A7D6CC00404A8E /* HomeProfileView.swift */; };
		E382635228A7E53300404A8E /* Coordinator.swift in Sources */ = {isa = PBXBuildFile; fileRef = E382635128A7E53300404A8E /* Coordinator.swift */; };
		E382635428A7E65600404A8E /* ImagePickerView.swift in Sources */ = {isa = PBXBuildFile; fileRef = E382635328A7E65600404A8E /* ImagePickerView.swift */; };
		E39EE263289EA6D600EA0E7E /* iosMyinstaApp.swift in Sources */ = {isa = PBXBuildFile; fileRef = E39EE262289EA6D600EA0E7E /* iosMyinstaApp.swift */; };
		E39EE267289EA6D600EA0E7E /* Assets.xcassets in Resources */ = {isa = PBXBuildFile; fileRef = E39EE266289EA6D600EA0E7E /* Assets.xcassets */; };
		E39EE26A289EA6D600EA0E7E /* Preview Assets.xcassets in Resources */ = {isa = PBXBuildFile; fileRef = E39EE269289EA6D600EA0E7E /* Preview Assets.xcassets */; };
		E39EE26C289EA6D600EA0E7E /* Persistence.swift in Sources */ = {isa = PBXBuildFile; fileRef = E39EE26B289EA6D600EA0E7E /* Persistence.swift */; };
		E39EE26F289EA6D600EA0E7E /* iosMyinsta.xcdatamodeld in Sources */ = {isa = PBXBuildFile; fileRef = E39EE26D289EA6D600EA0E7E /* iosMyinsta.xcdatamodeld */; };
		E39EE278289EA74A00EA0E7E /* StarterView.swift in Sources */ = {isa = PBXBuildFile; fileRef = E39EE277289EA74A00EA0E7E /* StarterView.swift */; };
		E39EE27A289EA75200EA0E7E /* SignInView.swift in Sources */ = {isa = PBXBuildFile; fileRef = E39EE279289EA75200EA0E7E /* SignInView.swift */; };
		E39EE27C289EB73600EA0E7E /* Utilits.swift in Sources */ = {isa = PBXBuildFile; fileRef = E39EE27B289EB73600EA0E7E /* Utilits.swift */; };
		E39EE27E289EBCC100EA0E7E /* SignUpView.swift in Sources */ = {isa = PBXBuildFile; fileRef = E39EE27D289EBCC100EA0E7E /* SignUpView.swift */; };
		E39EE282289EE55200EA0E7E /* Localizable.strings in Resources */ = {isa = PBXBuildFile; fileRef = E39EE284289EE55200EA0E7E /* Localizable.strings */; };
		E39EE289289EE8FA00EA0E7E /* Billabong.ttf in Resources */ = {isa = PBXBuildFile; fileRef = E39EE288289EE8F100EA0E7E /* Billabong.ttf */; };
		E39EE28C289EFBCB00EA0E7E /* SelectLanguage.swift in Sources */ = {isa = PBXBuildFile; fileRef = E39EE28B289EFBCB00EA0E7E /* SelectLanguage.swift */; };
		E3E1919128AB6796000852C6 /* FeedViewModel.swift in Sources */ = {isa = PBXBuildFile; fileRef = E3E1919028AB6796000852C6 /* FeedViewModel.swift */; };
		E3E1919328AB67E9000852C6 /* Post.swift in Sources */ = {isa = PBXBuildFile; fileRef = E3E1919228AB67E9000852C6 /* Post.swift */; };
		E3E1919628AB6F7E000852C6 /* PostCell.swift in Sources */ = {isa = PBXBuildFile; fileRef = E3E1919528AB6F7E000852C6 /* PostCell.swift */; };
		E3E1919828ABCD32000852C6 /* LikesViewModel.swift in Sources */ = {isa = PBXBuildFile; fileRef = E3E1919728ABCD32000852C6 /* LikesViewModel.swift */; };
		E3E1919A28AC9D89000852C6 /* SearchViewModel.swift in Sources */ = {isa = PBXBuildFile; fileRef = E3E1919928AC9D89000852C6 /* SearchViewModel.swift */; };
		E3E1919C28ACA117000852C6 /* UserCellView.swift in Sources */ = {isa = PBXBuildFile; fileRef = E3E1919B28ACA117000852C6 /* UserCellView.swift */; };
		E3E1919E28ACA827000852C6 /* ProfileViewModel.swift in Sources */ = {isa = PBXBuildFile; fileRef = E3E1919D28ACA827000852C6 /* ProfileViewModel.swift */; };
/* End PBXBuildFile section */

/* Begin PBXFileReference section */
		055044C3F9C937F2064AE3AC /* Pods_iosMyinsta.framework */ = {isa = PBXFileReference; explicitFileType = wrapper.framework; includeInIndex = 0; path = Pods_iosMyinsta.framework; sourceTree = BUILT_PRODUCTS_DIR; };
		9A649B0FE18BD9F161D83F81 /* Pods-iosMyinsta.debug.xcconfig */ = {isa = PBXFileReference; includeInIndex = 1; lastKnownFileType = text.xcconfig; name = "Pods-iosMyinsta.debug.xcconfig"; path = "Target Support Files/Pods-iosMyinsta/Pods-iosMyinsta.debug.xcconfig"; sourceTree = "<group>"; };
		BFD18C315890EC31877998D3 /* Pods-iosMyinsta.release.xcconfig */ = {isa = PBXFileReference; includeInIndex = 1; lastKnownFileType = text.xcconfig; name = "Pods-iosMyinsta.release.xcconfig"; path = "Target Support Files/Pods-iosMyinsta/Pods-iosMyinsta.release.xcconfig"; sourceTree = "<group>"; };
		E314987128AD17D600DB18AB /* MyPostCellView.swift */ = {isa = PBXFileReference; lastKnownFileType = sourcecode.swift; path = MyPostCellView.swift; sourceTree = "<group>"; };
		E382633D28A785EE00404A8E /* HomeView.swift */ = {isa = PBXFileReference; lastKnownFileType = sourcecode.swift; path = HomeView.swift; sourceTree = "<group>"; };
		E382634228A7866F00404A8E /* SessionServer.swift */ = {isa = PBXFileReference; lastKnownFileType = sourcecode.swift; path = SessionServer.swift; sourceTree = "<group>"; };
		E382634528A7872A00404A8E /* Users.swift */ = {isa = PBXFileReference; lastKnownFileType = sourcecode.swift; path = Users.swift; sourceTree = "<group>"; };
		E382634728A7D67000404A8E /* HomeFeedView.swift */ = {isa = PBXFileReference; lastKnownFileType = sourcecode.swift; path = HomeFeedView.swift; sourceTree = "<group>"; };
		E382634928A7D68C00404A8E /* HomeSearchView.swift */ = {isa = PBXFileReference; lastKnownFileType = sourcecode.swift; path = HomeSearchView.swift; sourceTree = "<group>"; };
		E382634B28A7D69C00404A8E /* HomeUploadView.swift */ = {isa = PBXFileReference; lastKnownFileType = sourcecode.swift; path = HomeUploadView.swift; sourceTree = "<group>"; };
		E382634D28A7D6B800404A8E /* HomeLikesView.swift */ = {isa = PBXFileReference; lastKnownFileType = sourcecode.swift; path = HomeLikesView.swift; sourceTree = "<group>"; };
		E382634F28A7D6CC00404A8E /* HomeProfileView.swift */ = {isa = PBXFileReference; lastKnownFileType = sourcecode.swift; path = HomeProfileView.swift; sourceTree = "<group>"; };
		E382635128A7E53300404A8E /* Coordinator.swift */ = {isa = PBXFileReference; lastKnownFileType = sourcecode.swift; path = Coordinator.swift; sourceTree = "<group>"; };
		E382635328A7E65600404A8E /* ImagePickerView.swift */ = {isa = PBXFileReference; lastKnownFileType = sourcecode.swift; path = ImagePickerView.swift; sourceTree = "<group>"; };
		E39EE25F289EA6D600EA0E7E /* Instagram.app */ = {isa = PBXFileReference; explicitFileType = wrapper.application; includeInIndex = 0; path = Instagram.app; sourceTree = BUILT_PRODUCTS_DIR; };
		E39EE262289EA6D600EA0E7E /* iosMyinstaApp.swift */ = {isa = PBXFileReference; lastKnownFileType = sourcecode.swift; path = iosMyinstaApp.swift; sourceTree = "<group>"; };
		E39EE266289EA6D600EA0E7E /* Assets.xcassets */ = {isa = PBXFileReference; lastKnownFileType = folder.assetcatalog; path = Assets.xcassets; sourceTree = "<group>"; };
		E39EE269289EA6D600EA0E7E /* Preview Assets.xcassets */ = {isa = PBXFileReference; lastKnownFileType = folder.assetcatalog; path = "Preview Assets.xcassets"; sourceTree = "<group>"; };
		E39EE26B289EA6D600EA0E7E /* Persistence.swift */ = {isa = PBXFileReference; lastKnownFileType = sourcecode.swift; path = Persistence.swift; sourceTree = "<group>"; };
		E39EE26E289EA6D600EA0E7E /* iosMyinsta.xcdatamodel */ = {isa = PBXFileReference; lastKnownFileType = wrapper.xcdatamodel; path = iosMyinsta.xcdatamodel; sourceTree = "<group>"; };
		E39EE277289EA74A00EA0E7E /* StarterView.swift */ = {isa = PBXFileReference; lastKnownFileType = sourcecode.swift; path = StarterView.swift; sourceTree = "<group>"; };
		E39EE279289EA75200EA0E7E /* SignInView.swift */ = {isa = PBXFileReference; lastKnownFileType = sourcecode.swift; path = SignInView.swift; sourceTree = "<group>"; };
		E39EE27B289EB73600EA0E7E /* Utilits.swift */ = {isa = PBXFileReference; lastKnownFileType = sourcecode.swift; path = Utilits.swift; sourceTree = "<group>"; };
		E39EE27D289EBCC100EA0E7E /* SignUpView.swift */ = {isa = PBXFileReference; lastKnownFileType = sourcecode.swift; path = SignUpView.swift; sourceTree = "<group>"; };
		E39EE283289EE55200EA0E7E /* en */ = {isa = PBXFileReference; lastKnownFileType = text.plist.strings; name = en; path = en.lproj/Localizable.strings; sourceTree = "<group>"; };
		E39EE285289EE56D00EA0E7E /* ru */ = {isa = PBXFileReference; lastKnownFileType = text.plist.strings; name = ru; path = ru.lproj/Localizable.strings; sourceTree = "<group>"; };
		E39EE286289EE58D00EA0E7E /* uz-UZ */ = {isa = PBXFileReference; lastKnownFileType = text.plist.strings; name = "uz-UZ"; path = "uz-UZ.lproj/Localizable.strings"; sourceTree = "<group>"; };
		E39EE288289EE8F100EA0E7E /* Billabong.ttf */ = {isa = PBXFileReference; lastKnownFileType = file; path = Billabong.ttf; sourceTree = "<group>"; };
		E39EE28A289EE9B400EA0E7E /* Info.plist */ = {isa = PBXFileReference; lastKnownFileType = text.plist; path = Info.plist; sourceTree = "<group>"; };
		E39EE28B289EFBCB00EA0E7E /* SelectLanguage.swift */ = {isa = PBXFileReference; lastKnownFileType = sourcecode.swift; path = SelectLanguage.swift; sourceTree = "<group>"; };
		E3E1919028AB6796000852C6 /* FeedViewModel.swift */ = {isa = PBXFileReference; lastKnownFileType = sourcecode.swift; path = FeedViewModel.swift; sourceTree = "<group>"; };
		E3E1919228AB67E9000852C6 /* Post.swift */ = {isa = PBXFileReference; lastKnownFileType = sourcecode.swift; path = Post.swift; sourceTree = "<group>"; };
		E3E1919528AB6F7E000852C6 /* PostCell.swift */ = {isa = PBXFileReference; lastKnownFileType = sourcecode.swift; path = PostCell.swift; sourceTree = "<group>"; };
		E3E1919728ABCD32000852C6 /* LikesViewModel.swift */ = {isa = PBXFileReference; lastKnownFileType = sourcecode.swift; path = LikesViewModel.swift; sourceTree = "<group>"; };
		E3E1919928AC9D89000852C6 /* SearchViewModel.swift */ = {isa = PBXFileReference; lastKnownFileType = sourcecode.swift; path = SearchViewModel.swift; sourceTree = "<group>"; };
		E3E1919B28ACA117000852C6 /* UserCellView.swift */ = {isa = PBXFileReference; lastKnownFileType = sourcecode.swift; path = UserCellView.swift; sourceTree = "<group>"; };
		E3E1919D28ACA827000852C6 /* ProfileViewModel.swift */ = {isa = PBXFileReference; lastKnownFileType = sourcecode.swift; path = ProfileViewModel.swift; sourceTree = "<group>"; };
/* End PBXFileReference section */

/* Begin PBXFrameworksBuildPhase section */
		E39EE25C289EA6D600EA0E7E /* Frameworks */ = {
			isa = PBXFrameworksBuildPhase;
			buildActionMask = 2147483647;
			files = (
				A821975BD1DDB1444A0260BB /* Pods_iosMyinsta.framework in Frameworks */,
			);
			runOnlyForDeploymentPostprocessing = 0;
		};
/* End PBXFrameworksBuildPhase section */

/* Begin PBXGroup section */
		54FC6C3C9E32034EBDADBEE0 /* Frameworks */ = {
			isa = PBXGroup;
			children = (
				055044C3F9C937F2064AE3AC /* Pods_iosMyinsta.framework */,
			);
			name = Frameworks;
			sourceTree = "<group>";
		};
		E382633C28A785CD00404A8E /* HomeViews */ = {
			isa = PBXGroup;
			children = (
				E382633D28A785EE00404A8E /* HomeView.swift */,
				E382634728A7D67000404A8E /* HomeFeedView.swift */,
				E382634928A7D68C00404A8E /* HomeSearchView.swift */,
				E382634B28A7D69C00404A8E /* HomeUploadView.swift */,
				E382634D28A7D6B800404A8E /* HomeLikesView.swift */,
				E382634F28A7D6CC00404A8E /* HomeProfileView.swift */,
			);
			path = HomeViews;
			sourceTree = "<group>";
		};
		E382633F28A7864300404A8E /* Network */ = {
			isa = PBXGroup;
			children = (
				E382634228A7866F00404A8E /* SessionServer.swift */,
			);
			path = Network;
			sourceTree = "<group>";
		};
		E382634428A786F400404A8E /* Model */ = {
			isa = PBXGroup;
			children = (
				E382634528A7872A00404A8E /* Users.swift */,
				E3E1919228AB67E9000852C6 /* Post.swift */,
			);
			path = Model;
			sourceTree = "<group>";
		};
		E39EE256289EA6D500EA0E7E = {
			isa = PBXGroup;
			children = (
				E39EE261289EA6D600EA0E7E /* iosMyinsta */,
				E39EE260289EA6D600EA0E7E /* Products */,
				F35941958020DCF3C8DA6837 /* Pods */,
				54FC6C3C9E32034EBDADBEE0 /* Frameworks */,
			);
			sourceTree = "<group>";
		};
		E39EE260289EA6D600EA0E7E /* Products */ = {
			isa = PBXGroup;
			children = (
				E39EE25F289EA6D600EA0E7E /* Instagram.app */,
			);
			name = Products;
			sourceTree = "<group>";
		};
		E39EE261289EA6D600EA0E7E /* iosMyinsta */ = {
			isa = PBXGroup;
			children = (
				E39EE275289EA70200EA0E7E /* Views */,
				E382634428A786F400404A8E /* Model */,
				E3E1918F28AB6786000852C6 /* ViewModel */,
				E3E1919428AB6ABC000852C6 /* Cell */,
				E39EE276289EA70E00EA0E7E /* Utilits */,
				E382633F28A7864300404A8E /* Network */,
				E39EE27F289EE4FA00EA0E7E /* Languages */,
				E39EE287289EE8C300EA0E7E /* Fonts */,
				E39EE262289EA6D600EA0E7E /* iosMyinstaApp.swift */,
				E39EE28A289EE9B400EA0E7E /* Info.plist */,
				E39EE266289EA6D600EA0E7E /* Assets.xcassets */,
				E39EE26B289EA6D600EA0E7E /* Persistence.swift */,
				E39EE26D289EA6D600EA0E7E /* iosMyinsta.xcdatamodeld */,
				E39EE268289EA6D600EA0E7E /* Preview Content */,
			);
			path = iosMyinsta;
			sourceTree = "<group>";
		};
		E39EE268289EA6D600EA0E7E /* Preview Content */ = {
			isa = PBXGroup;
			children = (
				E39EE269289EA6D600EA0E7E /* Preview Assets.xcassets */,
			);
			path = "Preview Content";
			sourceTree = "<group>";
		};
		E39EE275289EA70200EA0E7E /* Views */ = {
			isa = PBXGroup;
			children = (
				E39EE277289EA74A00EA0E7E /* StarterView.swift */,
				E39EE279289EA75200EA0E7E /* SignInView.swift */,
				E39EE27D289EBCC100EA0E7E /* SignUpView.swift */,
				E382633C28A785CD00404A8E /* HomeViews */,
			);
			path = Views;
			sourceTree = "<group>";
		};
		E39EE276289EA70E00EA0E7E /* Utilits */ = {
			isa = PBXGroup;
			children = (
				E39EE27B289EB73600EA0E7E /* Utilits.swift */,
				E382635128A7E53300404A8E /* Coordinator.swift */,
				E382635328A7E65600404A8E /* ImagePickerView.swift */,
			);
			path = Utilits;
			sourceTree = "<group>";
		};
		E39EE27F289EE4FA00EA0E7E /* Languages */ = {
			isa = PBXGroup;
			children = (
				E39EE28B289EFBCB00EA0E7E /* SelectLanguage.swift */,
				E39EE284289EE55200EA0E7E /* Localizable.strings */,
			);
			path = Languages;
			sourceTree = "<group>";
		};
		E39EE287289EE8C300EA0E7E /* Fonts */ = {
			isa = PBXGroup;
			children = (
				E39EE288289EE8F100EA0E7E /* Billabong.ttf */,
			);
			path = Fonts;
			sourceTree = "<group>";
		};
		E3E1918F28AB6786000852C6 /* ViewModel */ = {
			isa = PBXGroup;
			children = (
				E3E1919028AB6796000852C6 /* FeedViewModel.swift */,
				E3E1919928AC9D89000852C6 /* SearchViewModel.swift */,
				E3E1919728ABCD32000852C6 /* LikesViewModel.swift */,
				E3E1919D28ACA827000852C6 /* ProfileViewModel.swift */,
			);
			path = ViewModel;
			sourceTree = "<group>";
		};
		E3E1919428AB6ABC000852C6 /* Cell */ = {
			isa = PBXGroup;
			children = (
				E3E1919528AB6F7E000852C6 /* PostCell.swift */,
				E3E1919B28ACA117000852C6 /* UserCellView.swift */,
				E314987128AD17D600DB18AB /* MyPostCellView.swift */,
			);
			path = Cell;
			sourceTree = "<group>";
		};
		F35941958020DCF3C8DA6837 /* Pods */ = {
			isa = PBXGroup;
			children = (
				9A649B0FE18BD9F161D83F81 /* Pods-iosMyinsta.debug.xcconfig */,
				BFD18C315890EC31877998D3 /* Pods-iosMyinsta.release.xcconfig */,
			);
			path = Pods;
			sourceTree = "<group>";
		};
/* End PBXGroup section */

/* Begin PBXNativeTarget section */
		E39EE25E289EA6D600EA0E7E /* iosMyinsta */ = {
			isa = PBXNativeTarget;
			buildConfigurationList = E39EE272289EA6D600EA0E7E /* Build configuration list for PBXNativeTarget "iosMyinsta" */;
			buildPhases = (
				C9556C4B8507D4C534F6EB19 /* [CP] Check Pods Manifest.lock */,
				E39EE25B289EA6D600EA0E7E /* Sources */,
				E39EE25C289EA6D600EA0E7E /* Frameworks */,
				E39EE25D289EA6D600EA0E7E /* Resources */,
				997AC47A100446BD4352CC83 /* [CP] Embed Pods Frameworks */,
			);
			buildRules = (
			);
			dependencies = (
			);
			name = iosMyinsta;
			productName = iosMyinsta;
			productReference = E39EE25F289EA6D600EA0E7E /* Instagram.app */;
			productType = "com.apple.product-type.application";
		};
/* End PBXNativeTarget section */

/* Begin PBXProject section */
		E39EE257289EA6D500EA0E7E /* Project object */ = {
			isa = PBXProject;
			attributes = {
				BuildIndependentTargetsInParallel = 1;
				LastSwiftUpdateCheck = 1340;
				LastUpgradeCheck = 1340;
				TargetAttributes = {
					E39EE25E289EA6D600EA0E7E = {
						CreatedOnToolsVersion = 13.4.1;
					};
				};
			};
			buildConfigurationList = E39EE25A289EA6D500EA0E7E /* Build configuration list for PBXProject "iosMyinsta" */;
			compatibilityVersion = "Xcode 13.0";
			developmentRegion = en;
			hasScannedForEncodings = 0;
			knownRegions = (
				en,
				Base,
				ru,
				"uz-UZ",
			);
			mainGroup = E39EE256289EA6D500EA0E7E;
			productRefGroup = E39EE260289EA6D600EA0E7E /* Products */;
			projectDirPath = "";
			projectRoot = "";
			targets = (
				E39EE25E289EA6D600EA0E7E /* iosMyinsta */,
			);
		};
/* End PBXProject section */

/* Begin PBXResourcesBuildPhase section */
		E39EE25D289EA6D600EA0E7E /* Resources */ = {
			isa = PBXResourcesBuildPhase;
			buildActionMask = 2147483647;
			files = (
				E39EE26A289EA6D600EA0E7E /* Preview Assets.xcassets in Resources */,
				E39EE282289EE55200EA0E7E /* Localizable.strings in Resources */,
				E39EE267289EA6D600EA0E7E /* Assets.xcassets in Resources */,
				E39EE289289EE8FA00EA0E7E /* Billabong.ttf in Resources */,
			);
			runOnlyForDeploymentPostprocessing = 0;
		};
/* End PBXResourcesBuildPhase section */

/* Begin PBXShellScriptBuildPhase section */
		997AC47A100446BD4352CC83 /* [CP] Embed Pods Frameworks */ = {
			isa = PBXShellScriptBuildPhase;
			buildActionMask = 2147483647;
			files = (
			);
			inputFileListPaths = (
				"${PODS_ROOT}/Target Support Files/Pods-iosMyinsta/Pods-iosMyinsta-frameworks-${CONFIGURATION}-input-files.xcfilelist",
			);
			name = "[CP] Embed Pods Frameworks";
			outputFileListPaths = (
				"${PODS_ROOT}/Target Support Files/Pods-iosMyinsta/Pods-iosMyinsta-frameworks-${CONFIGURATION}-output-files.xcfilelist",
			);
			runOnlyForDeploymentPostprocessing = 0;
			shellPath = /bin/sh;
			shellScript = "\"${PODS_ROOT}/Target Support Files/Pods-iosMyinsta/Pods-iosMyinsta-frameworks.sh\"\n";
			showEnvVarsInLog = 0;
		};
		C9556C4B8507D4C534F6EB19 /* [CP] Check Pods Manifest.lock */ = {
			isa = PBXShellScriptBuildPhase;
			buildActionMask = 2147483647;
			files = (
			);
			inputFileListPaths = (
			);
			inputPaths = (
				"${PODS_PODFILE_DIR_PATH}/Podfile.lock",
				"${PODS_ROOT}/Manifest.lock",
			);
			name = "[CP] Check Pods Manifest.lock";
			outputFileListPaths = (
			);
			outputPaths = (
				"$(DERIVED_FILE_DIR)/Pods-iosMyinsta-checkManifestLockResult.txt",
			);
			runOnlyForDeploymentPostprocessing = 0;
			shellPath = /bin/sh;
			shellScript = "diff \"${PODS_PODFILE_DIR_PATH}/Podfile.lock\" \"${PODS_ROOT}/Manifest.lock\" > /dev/null\nif [ $? != 0 ] ; then\n    # print error to STDERR\n    echo \"error: The sandbox is not in sync with the Podfile.lock. Run 'pod install' or update your CocoaPods installation.\" >&2\n    exit 1\nfi\n# This output is used by Xcode 'outputs' to avoid re-running this script phase.\necho \"SUCCESS\" > \"${SCRIPT_OUTPUT_FILE_0}\"\n";
			showEnvVarsInLog = 0;
		};
/* End PBXShellScriptBuildPhase section */

/* Begin PBXSourcesBuildPhase section */
		E39EE25B289EA6D600EA0E7E /* Sources */ = {
			isa = PBXSourcesBuildPhase;
			buildActionMask = 2147483647;
			files = (
				E3E1919128AB6796000852C6 /* FeedViewModel.swift in Sources */,
				E382634A28A7D68C00404A8E /* HomeSearchView.swift in Sources */,
				E382633E28A785EE00404A8E /* HomeView.swift in Sources */,
				E382634C28A7D69C00404A8E /* HomeUploadView.swift in Sources */,
				E39EE27A289EA75200EA0E7E /* SignInView.swift in Sources */,
				E382635428A7E65600404A8E /* ImagePickerView.swift in Sources */,
				E314987228AD17D600DB18AB /* MyPostCellView.swift in Sources */,
				E39EE26C289EA6D600EA0E7E /* Persistence.swift in Sources */,
				E3E1919C28ACA117000852C6 /* UserCellView.swift in Sources */,
				E382635028A7D6CC00404A8E /* HomeProfileView.swift in Sources */,
				E39EE278289EA74A00EA0E7E /* StarterView.swift in Sources */,
				E382634E28A7D6B800404A8E /* HomeLikesView.swift in Sources */,
				E39EE28C289EFBCB00EA0E7E /* SelectLanguage.swift in Sources */,
				E382634828A7D67000404A8E /* HomeFeedView.swift in Sources */,
				E382635228A7E53300404A8E /* Coordinator.swift in Sources */,
				E3E1919E28ACA827000852C6 /* ProfileViewModel.swift in Sources */,
				E382634328A7866F00404A8E /* SessionServer.swift in Sources */,
				E3E1919A28AC9D89000852C6 /* SearchViewModel.swift in Sources */,
				E3E1919628AB6F7E000852C6 /* PostCell.swift in Sources */,
				E39EE27E289EBCC100EA0E7E /* SignUpView.swift in Sources */,
				E39EE27C289EB73600EA0E7E /* Utilits.swift in Sources */,
				E3E1919828ABCD32000852C6 /* LikesViewModel.swift in Sources */,
				E39EE263289EA6D600EA0E7E /* iosMyinstaApp.swift in Sources */,
				E39EE26F289EA6D600EA0E7E /* iosMyinsta.xcdatamodeld in Sources */,
				E382634628A7872A00404A8E /* Users.swift in Sources */,
				E3E1919328AB67E9000852C6 /* Post.swift in Sources */,
			);
			runOnlyForDeploymentPostprocessing = 0;
		};
/* End PBXSourcesBuildPhase section */

/* Begin PBXVariantGroup section */
		E39EE284289EE55200EA0E7E /* Localizable.strings */ = {
			isa = PBXVariantGroup;
			children = (
				E39EE283289EE55200EA0E7E /* en */,
				E39EE285289EE56D00EA0E7E /* ru */,
				E39EE286289EE58D00EA0E7E /* uz-UZ */,
			);
			name = Localizable.strings;
			sourceTree = "<group>";
		};
/* End PBXVariantGroup section */

/* Begin XCBuildConfiguration section */
		E39EE270289EA6D600EA0E7E /* Debug */ = {
			isa = XCBuildConfiguration;
			buildSettings = {
				ALWAYS_SEARCH_USER_PATHS = NO;
				CLANG_ANALYZER_LOCALIZABILITY_NONLOCALIZED = YES;
				CLANG_ANALYZER_NONNULL = YES;
				CLANG_ANALYZER_NUMBER_OBJECT_CONVERSION = YES_AGGRESSIVE;
				CLANG_CXX_LANGUAGE_STANDARD = "gnu++17";
				CLANG_ENABLE_MODULES = YES;
				CLANG_ENABLE_OBJC_ARC = YES;
				CLANG_ENABLE_OBJC_WEAK = YES;
				CLANG_WARN_BLOCK_CAPTURE_AUTORELEASING = YES;
				CLANG_WARN_BOOL_CONVERSION = YES;
				CLANG_WARN_COMMA = YES;
				CLANG_WARN_CONSTANT_CONVERSION = YES;
				CLANG_WARN_DEPRECATED_OBJC_IMPLEMENTATIONS = YES;
				CLANG_WARN_DIRECT_OBJC_ISA_USAGE = YES_ERROR;
				CLANG_WARN_DOCUMENTATION_COMMENTS = YES;
				CLANG_WARN_EMPTY_BODY = YES;
				CLANG_WARN_ENUM_CONVERSION = YES;
				CLANG_WARN_INFINITE_RECURSION = YES;
				CLANG_WARN_INT_CONVERSION = YES;
				CLANG_WARN_NON_LITERAL_NULL_CONVERSION = YES;
				CLANG_WARN_OBJC_IMPLICIT_RETAIN_SELF = YES;
				CLANG_WARN_OBJC_LITERAL_CONVERSION = YES;
				CLANG_WARN_OBJC_ROOT_CLASS = YES_ERROR;
				CLANG_WARN_QUOTED_INCLUDE_IN_FRAMEWORK_HEADER = YES;
				CLANG_WARN_RANGE_LOOP_ANALYSIS = YES;
				CLANG_WARN_STRICT_PROTOTYPES = YES;
				CLANG_WARN_SUSPICIOUS_MOVE = YES;
				CLANG_WARN_UNGUARDED_AVAILABILITY = YES_AGGRESSIVE;
				CLANG_WARN_UNREACHABLE_CODE = YES;
				CLANG_WARN__DUPLICATE_METHOD_MATCH = YES;
				COPY_PHASE_STRIP = NO;
				DEBUG_INFORMATION_FORMAT = dwarf;
				ENABLE_STRICT_OBJC_MSGSEND = YES;
				ENABLE_TESTABILITY = YES;
				GCC_C_LANGUAGE_STANDARD = gnu11;
				GCC_DYNAMIC_NO_PIC = NO;
				GCC_NO_COMMON_BLOCKS = YES;
				GCC_OPTIMIZATION_LEVEL = 0;
				GCC_PREPROCESSOR_DEFINITIONS = (
					"DEBUG=1",
					"$(inherited)",
				);
				GCC_WARN_64_TO_32_BIT_CONVERSION = YES;
				GCC_WARN_ABOUT_RETURN_TYPE = YES_ERROR;
				GCC_WARN_UNDECLARED_SELECTOR = YES;
				GCC_WARN_UNINITIALIZED_AUTOS = YES_AGGRESSIVE;
				GCC_WARN_UNUSED_FUNCTION = YES;
				GCC_WARN_UNUSED_VARIABLE = YES;
				IPHONEOS_DEPLOYMENT_TARGET = 15.5;
				MTL_ENABLE_DEBUG_INFO = INCLUDE_SOURCE;
				MTL_FAST_MATH = YES;
				ONLY_ACTIVE_ARCH = YES;
				SDKROOT = iphoneos;
				SWIFT_ACTIVE_COMPILATION_CONDITIONS = DEBUG;
				SWIFT_OPTIMIZATION_LEVEL = "-Onone";
			};
			name = Debug;
		};
		E39EE271289EA6D600EA0E7E /* Release */ = {
			isa = XCBuildConfiguration;
			buildSettings = {
				ALWAYS_SEARCH_USER_PATHS = NO;
				CLANG_ANALYZER_LOCALIZABILITY_NONLOCALIZED = YES;
				CLANG_ANALYZER_NONNULL = YES;
				CLANG_ANALYZER_NUMBER_OBJECT_CONVERSION = YES_AGGRESSIVE;
				CLANG_CXX_LANGUAGE_STANDARD = "gnu++17";
				CLANG_ENABLE_MODULES = YES;
				CLANG_ENABLE_OBJC_ARC = YES;
				CLANG_ENABLE_OBJC_WEAK = YES;
				CLANG_WARN_BLOCK_CAPTURE_AUTORELEASING = YES;
				CLANG_WARN_BOOL_CONVERSION = YES;
				CLANG_WARN_COMMA = YES;
				CLANG_WARN_CONSTANT_CONVERSION = YES;
				CLANG_WARN_DEPRECATED_OBJC_IMPLEMENTATIONS = YES;
				CLANG_WARN_DIRECT_OBJC_ISA_USAGE = YES_ERROR;
				CLANG_WARN_DOCUMENTATION_COMMENTS = YES;
				CLANG_WARN_EMPTY_BODY = YES;
				CLANG_WARN_ENUM_CONVERSION = YES;
				CLANG_WARN_INFINITE_RECURSION = YES;
				CLANG_WARN_INT_CONVERSION = YES;
				CLANG_WARN_NON_LITERAL_NULL_CONVERSION = YES;
				CLANG_WARN_OBJC_IMPLICIT_RETAIN_SELF = YES;
				CLANG_WARN_OBJC_LITERAL_CONVERSION = YES;
				CLANG_WARN_OBJC_ROOT_CLASS = YES_ERROR;
				CLANG_WARN_QUOTED_INCLUDE_IN_FRAMEWORK_HEADER = YES;
				CLANG_WARN_RANGE_LOOP_ANALYSIS = YES;
				CLANG_WARN_STRICT_PROTOTYPES = YES;
				CLANG_WARN_SUSPICIOUS_MOVE = YES;
				CLANG_WARN_UNGUARDED_AVAILABILITY = YES_AGGRESSIVE;
				CLANG_WARN_UNREACHABLE_CODE = YES;
				CLANG_WARN__DUPLICATE_METHOD_MATCH = YES;
				COPY_PHASE_STRIP = NO;
				DEBUG_INFORMATION_FORMAT = "dwarf-with-dsym";
				ENABLE_NS_ASSERTIONS = NO;
				ENABLE_STRICT_OBJC_MSGSEND = YES;
				GCC_C_LANGUAGE_STANDARD = gnu11;
				GCC_NO_COMMON_BLOCKS = YES;
				GCC_WARN_64_TO_32_BIT_CONVERSION = YES;
				GCC_WARN_ABOUT_RETURN_TYPE = YES_ERROR;
				GCC_WARN_UNDECLARED_SELECTOR = YES;
				GCC_WARN_UNINITIALIZED_AUTOS = YES_AGGRESSIVE;
				GCC_WARN_UNUSED_FUNCTION = YES;
				GCC_WARN_UNUSED_VARIABLE = YES;
				IPHONEOS_DEPLOYMENT_TARGET = 15.5;
				MTL_ENABLE_DEBUG_INFO = NO;
				MTL_FAST_MATH = YES;
				SDKROOT = iphoneos;
				SWIFT_COMPILATION_MODE = wholemodule;
				SWIFT_OPTIMIZATION_LEVEL = "-O";
				VALIDATE_PRODUCT = YES;
			};
			name = Release;
		};
		E39EE273289EA6D600EA0E7E /* Debug */ = {
			isa = XCBuildConfiguration;
			baseConfigurationReference = 9A649B0FE18BD9F161D83F81 /* Pods-iosMyinsta.debug.xcconfig */;
			buildSettings = {
				ASSETCATALOG_COMPILER_APPICON_NAME = AppIcon;
				ASSETCATALOG_COMPILER_GLOBAL_ACCENT_COLOR_NAME = AccentColor;
				CODE_SIGN_STYLE = Automatic;
				CURRENT_PROJECT_VERSION = 1;
				DEVELOPMENT_ASSET_PATHS = "\"iosMyinsta/Preview Content\"";
				ENABLE_PREVIEWS = YES;
				GENERATE_INFOPLIST_FILE = YES;
				INFOPLIST_FILE = iosMyinsta/Info.plist;
				INFOPLIST_KEY_NSCameraUsageDescription = "You can take photos to document your job.";
				INFOPLIST_KEY_NSPhotoLibraryUsageDescription = "You can select photos to document your job.";
				INFOPLIST_KEY_UIApplicationSceneManifest_Generation = YES;
				INFOPLIST_KEY_UIApplicationSupportsIndirectInputEvents = YES;
				INFOPLIST_KEY_UILaunchScreen_Generation = YES;
				INFOPLIST_KEY_UISupportedInterfaceOrientations = "UIInterfaceOrientationPortrait UIInterfaceOrientationLandscapeLeft UIInterfaceOrientationLandscapeRight";
				INFOPLIST_KEY_UISupportedInterfaceOrientations_iPad = "UIInterfaceOrientationPortrait UIInterfaceOrientationPortraitUpsideDown UIInterfaceOrientationLandscapeLeft UIInterfaceOrientationLandscapeRight";
				INFOPLIST_KEY_UISupportedInterfaceOrientations_iPhone = "UIInterfaceOrientationPortrait UIInterfaceOrientationLandscapeLeft UIInterfaceOrientationLandscapeRight";
				LD_RUNPATH_SEARCH_PATHS = (
					"$(inherited)",
					"@executable_path/Frameworks",
				);
				MARKETING_VERSION = 1.0;
				PRODUCT_BUNDLE_IDENTIFIER = Home.iosMyinsta;
				PRODUCT_NAME = Instagram;
				SWIFT_EMIT_LOC_STRINGS = YES;
				SWIFT_VERSION = 5.0;
				TARGETED_DEVICE_FAMILY = "1,2";
			};
			name = Debug;
		};
		E39EE274289EA6D600EA0E7E /* Release */ = {
			isa = XCBuildConfiguration;
			baseConfigurationReference = BFD18C315890EC31877998D3 /* Pods-iosMyinsta.release.xcconfig */;
			buildSettings = {
				ASSETCATALOG_COMPILER_APPICON_NAME = AppIcon;
				ASSETCATALOG_COMPILER_GLOBAL_ACCENT_COLOR_NAME = AccentColor;
				CODE_SIGN_STYLE = Automatic;
				CURRENT_PROJECT_VERSION = 1;
				DEVELOPMENT_ASSET_PATHS = "\"iosMyinsta/Preview Content\"";
				ENABLE_PREVIEWS = YES;
				GENERATE_INFOPLIST_FILE = YES;
				INFOPLIST_FILE = iosMyinsta/Info.plist;
				INFOPLIST_KEY_NSCameraUsageDescription = "You can take photos to document your job.";
				INFOPLIST_KEY_NSPhotoLibraryUsageDescription = "You can select photos to document your job.";
				INFOPLIST_KEY_UIApplicationSceneManifest_Generation = YES;
				INFOPLIST_KEY_UIApplicationSupportsIndirectInputEvents = YES;
				INFOPLIST_KEY_UILaunchScreen_Generation = YES;
				INFOPLIST_KEY_UISupportedInterfaceOrientations = "UIInterfaceOrientationPortrait UIInterfaceOrientationLandscapeLeft UIInterfaceOrientationLandscapeRight";
				INFOPLIST_KEY_UISupportedInterfaceOrientations_iPad = "UIInterfaceOrientationPortrait UIInterfaceOrientationPortraitUpsideDown UIInterfaceOrientationLandscapeLeft UIInterfaceOrientationLandscapeRight";
				INFOPLIST_KEY_UISupportedInterfaceOrientations_iPhone = "UIInterfaceOrientationPortrait UIInterfaceOrientationLandscapeLeft UIInterfaceOrientationLandscapeRight";
				LD_RUNPATH_SEARCH_PATHS = (
					"$(inherited)",
					"@executable_path/Frameworks",
				);
				MARKETING_VERSION = 1.0;
				PRODUCT_BUNDLE_IDENTIFIER = Home.iosMyinsta;
				PRODUCT_NAME = Instagram;
				SWIFT_EMIT_LOC_STRINGS = YES;
				SWIFT_VERSION = 5.0;
				TARGETED_DEVICE_FAMILY = "1,2";
			};
			name = Release;
		};
/* End XCBuildConfiguration section */

/* Begin XCConfigurationList section */
		E39EE25A289EA6D500EA0E7E /* Build configuration list for PBXProject "iosMyinsta" */ = {
			isa = XCConfigurationList;
			buildConfigurations = (
				E39EE270289EA6D600EA0E7E /* Debug */,
				E39EE271289EA6D600EA0E7E /* Release */,
			);
			defaultConfigurationIsVisible = 0;
			defaultConfigurationName = Release;
		};
		E39EE272289EA6D600EA0E7E /* Build configuration list for PBXNativeTarget "iosMyinsta" */ = {
			isa = XCConfigurationList;
			buildConfigurations = (
				E39EE273289EA6D600EA0E7E /* Debug */,
				E39EE274289EA6D600EA0E7E /* Release */,
			);
			defaultConfigurationIsVisible = 0;
			defaultConfigurationName = Release;
		};
/* End XCConfigurationList section */

/* Begin XCVersionGroup section */
		E39EE26D289EA6D600EA0E7E /* iosMyinsta.xcdatamodeld */ = {
			isa = XCVersionGroup;
			children = (
				E39EE26E289EA6D600EA0E7E /* iosMyinsta.xcdatamodel */,
			);
			currentVersion = E39EE26E289EA6D600EA0E7E /* iosMyinsta.xcdatamodel */;
			path = iosMyinsta.xcdatamodeld;
			sourceTree = "<group>";
			versionGroupType = wrapper.xcdatamodel;
		};
/* End XCVersionGroup section */
	};
	rootObject = E39EE257289EA6D500EA0E7E /* Project object */;
}
